{
  "name": "openvbs",
  "version": "1.0.0",
  "lockfileVersion": 1,
  "requires": true,
  "dependencies": {
    "@types/node": {
      "version": "10.3.3",
      "resolved": "https://www.myget.org/F/istaff-npm/npm/@types/node/-/@types/node-10.3.3.tgz",
      "integrity": "sha1-h5jZ45ry+mBPcV7mprGXllKORsM=",
      "dev": true
    },
    "typescript": {
      "version": "2.9.2",
      "resolved": "https://www.myget.org/F/istaff-npm/npm/typescript/-/typescript-2.9.2.tgz",
      "integrity": "sha1-HL9h0F1rliaSROtqO85L2RTg8Aw=",
      "dev": true
    }
  }
}
